
Microsoft Visual Studio Solution File, Format Version 12.00
# Visual Studio Version 17
VisualStudioVersion = 17.4.33205.214
MinimumVisualStudioVersion = 10.0.40219.1
Project("{FAE04EC0-301F-11D3-BF4B-00C04F79EFBC}") = "POS", "POS.csproj", "{42D1283C-9D33-42CB-A807-33818BE006BE}"
EndProject
Global
	GlobalSection(SolutionConfigurationPlatforms) = preSolution
		Debug|Any CPU = Debug|Any CPU
		Release|Any CPU = Release|Any CPU
	EndGlobalSection
	GlobalSection(ProjectConfigurationPlatforms) = postSolution
		{42D1283C-9D33-42CB-A807-33818BE006BE}.Debug|Any CPU.ActiveCfg = Debug|Any CPU
		{42D1283C-9D33-42CB-A807-33818BE006BE}.Debug|Any CPU.Build.0 = Debug|Any CPU
		{42D1283C-9D33-42CB-A807-33818BE006BE}.Release|Any CPU.ActiveCfg = Release|Any CPU
		{42D1283C-9D33-42CB-A807-33818BE006BE}.Release|Any CPU.Build.0 = Release|Any CPU
	EndGlobalSection
	GlobalSection(SolutionProperties) = preSolution
		HideSolutionNode = FALSE
	EndGlobalSection
	GlobalSection(ExtensibilityGlobals) = postSolution
		SolutionGuid = {2658278E-5287-43FA-9BF3-B64CD13A7727}
	EndGlobalSection
EndGlobal
